
Microsoft Visual Studio Solution File, Format Version 12.00
# Visual Studio Version 17
VisualStudioVersion = 17.14.36603.0
MinimumVisualStudioVersion = 10.0.40219.1
Project("{9A19103F-16F7-4668-BE54-9A1E7A4F7556}") = "VendoraAPI", "VendoraAPI\VendoraAPI.csproj", "{23298FED-F393-45E2-AB6E-B7ACDF6D564F}"
EndProject
Project("{FAE04EC0-301F-11D3-BF4B-00C04F79EFBC}") = "VendoraTests", "VendoraTests\VendoraTests.csproj", "{2F226F8A-C1AE-4CB8-AAB4-2A2581A49F85}"
	ProjectSection(ProjectDependencies) = postProject
		{23298FED-F393-45E2-AB6E-B7ACDF6D564F} = {23298FED-F393-45E2-AB6E-B7ACDF6D564F}
	EndProjectSection
EndProject
Global
	GlobalSection(SolutionConfigurationPlatforms) = preSolution
		Debug|Any CPU = Debug|Any CPU
		Release|Any CPU = Release|Any CPU
	EndGlobalSection
	GlobalSection(ProjectConfigurationPlatforms) = postSolution
		{23298FED-F393-45E2-AB6E-B7ACDF6D564F}.Debug|Any CPU.ActiveCfg = Debug|Any CPU
		{23298FED-F393-45E2-AB6E-B7ACDF6D564F}.Debug|Any CPU.Build.0 = Debug|Any CPU
		{23298FED-F393-45E2-AB6E-B7ACDF6D564F}.Release|Any CPU.ActiveCfg = Release|Any CPU
		{23298FED-F393-45E2-AB6E-B7ACDF6D564F}.Release|Any CPU.Build.0 = Release|Any CPU
		{2F226F8A-C1AE-4CB8-AAB4-2A2581A49F85}.Debug|Any CPU.ActiveCfg = Debug|Any CPU
		{2F226F8A-C1AE-4CB8-AAB4-2A2581A49F85}.Debug|Any CPU.Build.0 = Debug|Any CPU
		{2F226F8A-C1AE-4CB8-AAB4-2A2581A49F85}.Release|Any CPU.ActiveCfg = Release|Any CPU
		{2F226F8A-C1AE-4CB8-AAB4-2A2581A49F85}.Release|Any CPU.Build.0 = Release|Any CPU
	EndGlobalSection
	GlobalSection(SolutionProperties) = preSolution
		HideSolutionNode = FALSE
	EndGlobalSection
	GlobalSection(ExtensibilityGlobals) = postSolution
		SolutionGuid = {FFCDDE3F-1B5C-4A89-8937-F4EC5289875B}
	EndGlobalSection
EndGlobal
